# THIS IS AN AUTOGENERATED FILE. DO NOT EDIT THIS FILE DIRECTLY.
# yarn lockfile v1


"@fortawesome/fontawesome-free@^5.7.2":
  version "5.12.0"
  resolved "https://registry.yarnpkg.com/@fortawesome/fontawesome-free/-/fontawesome-free-5.12.0.tgz#8ceb9f09edfb85ea18a6c7bf098f6f5dd5ffd62b"
  integrity sha512-vKDJUuE2GAdBERaQWmmtsciAMzjwNrROXA5KTGSZvayAsmuTGjam5z6QNqNPCwDfVljLWuov1nEC3mEQf/n6fQ==

bootstrap-colorpicker@^3.0.3:
  version "3.2.0"
  resolved "https://registry.yarnpkg.com/bootstrap-colorpicker/-/bootstrap-colorpicker-3.2.0.tgz#42b053b865a866b2674527813cd59f90137b9704"
  integrity sha512-twW93EFLf4MzZ/st+MkfdLCWEEA7r43WPlPnGckzm3Lj2FsbmVS/qgJH2c9IcmO3re5Q1320NO9bhuViwHR9Qw==
  dependencies:
    bootstrap ">=4.0"
    jquery ">=2.1.0"
    popper.js ">=1.10"

bootstrap-daterangepicker@^3.0.3:
  version "3.0.5"
  resolved "https://registry.yarnpkg.com/bootstrap-daterangepicker/-/bootstrap-daterangepicker-3.0.5.tgz#dc10db6b4854cc63ebb5b17dac55edd7318dcbad"
  integrity sha512-WdTNB5ZKCpqZltcRkzeE6Xmwp/b8yPnuwsHfqP5mGP2VIV/kzd/6VuTIKEjuskDcsLAYW38LXGjcSm2TBNRdTw==
  dependencies:
    jquery ">=1.10"
    moment "^2.9.0"

bootstrap-social@^5.1.1:
  version "5.1.1"
  resolved "https://registry.yarnpkg.com/bootstrap-social/-/bootstrap-social-5.1.1.tgz#7530c678adf56cf8fad3fa82c29d4d3e5d027501"
  integrity sha1-dTDGeK31bPj60/qCwp1NPl0CdQE=
  dependencies:
    bootstrap "~3"
    font-awesome "~4.7"

bootstrap-tagsinput@^0.7.1:
  version "0.7.1"
  resolved "https://registry.yarnpkg.com/bootstrap-tagsinput/-/bootstrap-tagsinput-0.7.1.tgz#ffe3b06bbe2a106945ef2814568005a94f211937"
  integrity sha1-/+Owa74qEGlF7ygUVoAFqU8hGTc=

bootstrap-timepicker@^0.5.2:
  version "0.5.2"
  resolved "https://registry.yarnpkg.com/bootstrap-timepicker/-/bootstrap-timepicker-0.5.2.tgz#10ed9f2a2f0b8ccaefcde0fcf6a0738b919a3835"
  integrity sha1-EO2fKi8LjMrvzeD89qBzi5GaODU=

bootstrap@>=4.0, bootstrap@^4.4.1:
  version "4.4.1"
  resolved "https://registry.yarnpkg.com/bootstrap/-/bootstrap-4.4.1.tgz#8582960eea0c5cd2bede84d8b0baf3789c3e8b01"
  integrity sha512-tbx5cHubwE6e2ZG7nqM3g/FZ5PQEDMWmMGNrCUBVRPHXTJaH7CBDdsLeu3eCh3B1tzAxTnAbtmrzvWEvT2NNEA==

bootstrap@~3:
  version "3.4.1"
  resolved "https://registry.yarnpkg.com/bootstrap/-/bootstrap-3.4.1.tgz#c3a347d419e289ad11f4033e3c4132b87c081d72"
  integrity sha512-yN5oZVmRCwe5aKwzRj6736nSmKDX7pLYwsXiCj/EYmo16hODaBiT4En5btW/jhBF/seV+XMx3aYwukYC3A49DA==

chart.js@^2.7.3:
  version "2.9.3"
  resolved "https://registry.yarnpkg.com/chart.js/-/chart.js-2.9.3.tgz#ae3884114dafd381bc600f5b35a189138aac1ef7"
  integrity sha512-+2jlOobSk52c1VU6fzkh3UwqHMdSlgH1xFv9FKMqHiNCpXsGPQa/+81AFa+i3jZ253Mq9aAycPwDjnn1XbRNNw==
  dependencies:
    chartjs-color "^2.1.0"
    moment "^2.10.2"

chartjs-color-string@^0.6.0:
  version "0.6.0"
  resolved "https://registry.yarnpkg.com/chartjs-color-string/-/chartjs-color-string-0.6.0.tgz#1df096621c0e70720a64f4135ea171d051402f71"
  integrity sha512-TIB5OKn1hPJvO7JcteW4WY/63v6KwEdt6udfnDE9iCAZgy+V4SrbSxoIbTw/xkUIapjEI4ExGtD0+6D3KyFd7A==
  dependencies:
    color-name "^1.0.0"

chartjs-color@^2.1.0:
  version "2.4.1"
  resolved "https://registry.yarnpkg.com/chartjs-color/-/chartjs-color-2.4.1.tgz#6118bba202fe1ea79dd7f7c0f9da93467296c3b0"
  integrity sha512-haqOg1+Yebys/Ts/9bLo/BqUcONQOdr/hoEr2LLTRl6C5LXctUdHxsCYfvQVg5JIxITrfCNUDr4ntqmQk9+/0w==
  dependencies:
    chartjs-color-string "^0.6.0"
    color-convert "^1.9.3"

chocolat@^0.4.21:
  version "0.4.21"
  resolved "https://registry.yarnpkg.com/chocolat/-/chocolat-0.4.21.tgz#16f5a2e0fa60aa7f07234b4e36696d4e7a52a4a1"
  integrity sha512-KvaGUM4FAYsk+8Mfwrzw90zwP9Dfb4t9grwwDb17hqVxT+Z+T6hpAD8xkGkIwn9xxwiQdOpl0G6jn04O+UZwnA==
  dependencies:
    jquery "^3.0"

cleave.js@^1.4.7:
  version "1.5.3"
  resolved "https://registry.yarnpkg.com/cleave.js/-/cleave.js-1.5.3.tgz#1ef36e1375dea289bffeefe8ebb1e3ef2ee23240"
  integrity sha512-tLum0abk+NRUZtMxpqLQS0jE9k2KYzsUlnMAqfMd2LAf8bb5xTHLHXTtPyI+dCk6DThtmWER3EzKfUi4NHdR7A==

clipboard@^2.0.0:
  version "2.0.4"
  resolved "https://registry.yarnpkg.com/clipboard/-/clipboard-2.0.4.tgz#836dafd66cf0fea5d71ce5d5b0bf6e958009112d"
  integrity sha512-Vw26VSLRpJfBofiVaFb/I8PVfdI1OxKcYShe6fm0sP/DtmiWQNCjhM/okTvdCo0G+lMMm1rMYbk4IK4x1X+kgQ==
  dependencies:
    good-listener "^1.2.2"
    select "^1.1.2"
    tiny-emitter "^2.0.0"

codemirror@^5.43.0:
  version "5.50.2"
  resolved "https://registry.yarnpkg.com/codemirror/-/codemirror-5.50.2.tgz#32ddfe2b50193fcf573d8141c4a31d267c92b4a3"
  integrity sha512-PPjUsC1oXSM86lunKrw609P1oM0Wu8z9rqzjbeyBYCcx44VL41aUpccdOf1PfAZtTONlmN3sT3p2etLNYa1OGg==

color-convert@^1.9.3:
  version "1.9.3"
  resolved "https://registry.yarnpkg.com/color-convert/-/color-convert-1.9.3.tgz#bb71850690e1f136567de629d2d5471deda4c1e8"
  integrity sha512-QfAUtd+vFdAtFQcC8CCyYt1fYWxSqAiK2cSD6zDB8N3cpsEBAvRxp9zOGg6G/SHHJYAT88/az/IuDGALsNVbGg==
  dependencies:
    color-name "1.1.3"

color-name@1.1.3:
  version "1.1.3"
  resolved "https://registry.yarnpkg.com/color-name/-/color-name-1.1.3.tgz#a7d0558bd89c42f795dd42328f740831ca53bc25"
  integrity sha1-p9BVi9icQveV3UIyj3QIMcpTvCU=

color-name@^1.0.0:
  version "1.1.4"
  resolved "https://registry.yarnpkg.com/color-name/-/color-name-1.1.4.tgz#c2a09a87acbde69543de6f63fa3995c826c536a2"
  integrity sha512-dOy+3AuW3a2wNbZHIuMZpTcgjGuLU/uBL/ubcZF9OXbDo8ff4O8yVp5Bf0efS8uEoYo5q4Fx7dY9OgQGXgAsQA==

datatables.net-bs4@^1.10.15:
  version "1.10.20"
  resolved "https://registry.yarnpkg.com/datatables.net-bs4/-/datatables.net-bs4-1.10.20.tgz#beff1c8d3510826c0678eaa055270607c0e53882"
  integrity sha512-kQmMUMsHMOlAW96ztdoFqjSbLnlGZQ63iIM82kHbmldsfYdzuyhbb4hTx6YNBi481WCO3iPSvI6YodNec46ZAw==
  dependencies:
    datatables.net "1.10.20"
    jquery ">=1.7"

datatables.net-responsive-bs4@^2.2.3:
  version "2.2.3"
  resolved "https://registry.yarnpkg.com/datatables.net-responsive-bs4/-/datatables.net-responsive-bs4-2.2.3.tgz#639de17c1d31210ebf2b3c25f1c774c13f729e94"
  integrity sha512-SQaWI0uLuPcaiBBin9zX+MuQfTSIkK1bYxbXqUV6NLkHCVa6PMQK7Rvftj0ywG4R7uOtjbzY8nSVqxEKvQI0Vg==
  dependencies:
    datatables.net-bs4 "^1.10.15"
    datatables.net-responsive "2.2.3"
    jquery ">=1.7"

datatables.net-responsive@2.2.3:
  version "2.2.3"
  resolved "https://registry.yarnpkg.com/datatables.net-responsive/-/datatables.net-responsive-2.2.3.tgz#50a2b1b4955b16b32f573a3f00f473b0bfbee913"
  integrity sha512-8D6VtZcyuH3FG0Hn5A4LPZQEOX3+HrRFM7HjpmsQc/nQDBbdeBLkJX4Sh/o1nzFTSneuT1Wh/lYZHVPpjcN+Sw==
  dependencies:
    datatables.net "^1.10.15"
    jquery ">=1.7"

datatables.net-select-bs4@^1.2.7:
  version "1.3.1"
  resolved "https://registry.yarnpkg.com/datatables.net-select-bs4/-/datatables.net-select-bs4-1.3.1.tgz#1c39c7fd5bfb66b5c8402611c2c64fc47e3cfca4"
  integrity sha512-8UOBxChTsn24nP/ZOsIMGZOdTJymQZ8WcQ81NcGgyDz6b4JlsQl8Bwb89AcVT7hncMquPJ3d5WUGG4I9WMhAlw==
  dependencies:
    datatables.net-bs4 "^1.10.15"
    datatables.net-select "1.3.1"
    jquery ">=1.7"

datatables.net-select@1.3.1:
  version "1.3.1"
  resolved "https://registry.yarnpkg.com/datatables.net-select/-/datatables.net-select-1.3.1.tgz#ec2c3ad7df2bc9c13c09587d0bfd0ceba52a8bff"
  integrity sha512-PeVd/hlAX58QzL0+mGvxnXP7ylLtzZMeAots/uZkQi+6c/KI6JuP8LCJoEMHAsSjQM/BnG7Uw8E1YGOz1tZpQQ==
  dependencies:
    datatables.net "^1.10.15"
    jquery ">=1.7"

datatables.net@1.10.20, datatables.net@^1.10.15:
  version "1.10.20"
  resolved "https://registry.yarnpkg.com/datatables.net/-/datatables.net-1.10.20.tgz#9d65ecc3c83cbe7baa4fa5a053405c8fe42c1350"
  integrity sha512-4E4S7tTU607N3h0fZPkGmAtr9mwy462u+VJ6gxYZ8MxcRIjZqHy3Dv1GNry7i3zQCktTdWbULVKBbkAJkuHEnQ==
  dependencies:
    jquery ">=1.7"

datatables@^1.10.18:
  version "1.10.18"
  resolved "https://registry.yarnpkg.com/datatables/-/datatables-1.10.18.tgz#fee16e82aa70b17c5faf1a6954ac68f404f33a70"
  integrity sha512-ntatMgS9NN6UMpwbmO+QkYJuKlVeMA2Mi0Gu/QxyIh+dW7ZjLSDhPT2tWlzjpIWEkDYgieDzS9Nu7bdQCW0sbQ==
  dependencies:
    jquery ">=1.7"

delegate@^3.1.2:
  version "3.2.0"
  resolved "https://registry.yarnpkg.com/delegate/-/delegate-3.2.0.tgz#b66b71c3158522e8ab5744f720d8ca0c2af59166"
  integrity sha512-IofjkYBZaZivn0V8nnsMJGBr4jVLxHDheKSW88PyxS5QC4Vo9ZbZVvhzlSxY87fVq3STR6r+4cGepyHkcWOQSw==

dropzone@^5.5.1:
  version "5.5.1"
  resolved "https://registry.yarnpkg.com/dropzone/-/dropzone-5.5.1.tgz#06e2f513e61d6aa363d4b556f18574f47cf7ba26"
  integrity sha512-3VduRWLxx9hbVr42QieQN25mx/I61/mRdUSuxAmDGdDqZIN8qtP7tcKMa3KfpJjuGjOJGYYUzzeq6eGDnkzesA==

es6-object-assign@^1.1.0:
  version "1.1.0"
  resolved "https://registry.yarnpkg.com/es6-object-assign/-/es6-object-assign-1.1.0.tgz#c2c3582656247c39ea107cb1e6652b6f9f24523c"
  integrity sha1-wsNYJlYkfDnqEHyx5mUrb58kUjw=

flag-icon-css@^3.2.1:
  version "3.4.5"
  resolved "https://registry.yarnpkg.com/flag-icon-css/-/flag-icon-css-3.4.5.tgz#584d618563034e69cb9a5b7a7c8477ec8c029a49"
  integrity sha512-COo/PuJY/JddBLkdi7jL3gWF0z/hcvBRA4kfMXUjLeLglFf5IsyAzKZuXaXfCubVrkraVizmEp7Bn05upTXofA==
  dependencies:
    opencollective-postinstall "2.0.2"

font-awesome@~4.7:
  version "4.7.0"
  resolved "https://registry.yarnpkg.com/font-awesome/-/font-awesome-4.7.0.tgz#8fa8cf0411a1a31afd07b06d2902bb9fc815a133"
  integrity sha1-j6jPBBGhoxr9B7BtKQK7n8gVoTM=

fullcalendar@^3.10.0:
  version "3.10.1"
  resolved "https://registry.yarnpkg.com/fullcalendar/-/fullcalendar-3.10.1.tgz#cca3f9a2656a7e978a3f3facb7f35934a91185db"
  integrity sha512-E0ioaHVmwdS4es8pNTUNva7505wPkUMFdn9JGFLYo+J12ARhN3zDBwoPj2DfB8rL7Yc1sSve+FqDHC3s2SZ7Fw==

gmaps@^0.4.24:
  version "0.4.24"
  resolved "https://registry.yarnpkg.com/gmaps/-/gmaps-0.4.24.tgz#07f22f0cfc3e4e32498950ffafd7ca635ffc100c"
  integrity sha1-B/IvDPw+TjJJiVD/r9fKY1/8EAw=

good-listener@^1.2.2:
  version "1.2.2"
  resolved "https://registry.yarnpkg.com/good-listener/-/good-listener-1.2.2.tgz#d53b30cdf9313dffb7dc9a0d477096aa6d145c50"
  integrity sha1-1TswzfkxPf+33JoNR3CWqm0UXFA=
  dependencies:
    delegate "^3.1.2"

ionicons201@1.0.0:
  version "1.0.0"
  resolved "https://registry.yarnpkg.com/ionicons201/-/ionicons201-1.0.0.tgz#5ce2aa950e907957c7306ca113115a24129d5260"
  integrity sha1-XOKqlQ6QeVfHMGyhExFaJBKdUmA=

izitoast@^1.4.0:
  version "1.4.0"
  resolved "https://registry.yarnpkg.com/izitoast/-/izitoast-1.4.0.tgz#1aa4e3408b7159fba743506af66d8be54fd929fb"
  integrity sha512-Oc1X2wiQtPp39i5VpIjf3GJf5sfCtHKXZ5szx7RareyEeFLUlcEW0FSfBni28+Ul6KNKZRKzhVuWzSP4Xngh0w==

"jquery-pwstrength@https://github.com/matoilic/jquery.pwstrength":
  version "0.0.0"
  resolved "https://github.com/matoilic/jquery.pwstrength#d6f07a13eba1479f481d0beceb612f439db406ae"

jquery-sparkline@^2.4.0:
  version "2.4.0"
  resolved "https://registry.yarnpkg.com/jquery-sparkline/-/jquery-sparkline-2.4.0.tgz#1be8b7b704dd3857152708aefb1d4a4b3a69fb33"
  integrity sha1-G+i3twTdOFcVJwiu+x1KSzpp+zM=

jquery-ui-dist@^1.12.1:
  version "1.12.1"
  resolved "https://registry.yarnpkg.com/jquery-ui-dist/-/jquery-ui-dist-1.12.1.tgz#5c0815d3cc6f90ff5faaf5b268a6e23b4ca904fa"
  integrity sha1-XAgV08xvkP9fqvWyaKbiO0ypBPo=

jquery.nicescroll@^3.7.6:
  version "3.7.6"
  resolved "https://registry.yarnpkg.com/jquery.nicescroll/-/jquery.nicescroll-3.7.6.tgz#afeff3e80658dabe4f78d2d2e84250060fea0852"
  integrity sha1-r+/z6AZY2r5PeNLS6EJQBg/qCFI=
  dependencies:
    jquery ">=1.8.3"

jquery@>=1.10, jquery@>=1.7, jquery@>=1.8.3, jquery@>=2.1.0, jquery@^3.0, jquery@^3.1.1, jquery@^3.3.1, jquery@^3.4.1:
  version "3.4.1"
  resolved "https://registry.yarnpkg.com/jquery/-/jquery-3.4.1.tgz#714f1f8d9dde4bdfa55764ba37ef214630d80ef2"
  integrity sha512-36+AdBzCL+y6qjw5Tx7HgzeGCzC81MDDgaUP8ld2zhx58HdqXGoBd+tHdrBMiyjGQs0Hxs/MLZTu/eHNJJuWPw==

jquery@~1.11.3:
  version "1.11.3"
  resolved "https://registry.yarnpkg.com/jquery/-/jquery-1.11.3.tgz#dd8b74278b27102d29df63eae28308a8cfa1b583"
  integrity sha1-3Yt0J4snEC0p32Pq4oMIqM+htYM=

"jquery_upload_preview@https://github.com/opoloo/jquery_upload_preview":
  version "0.0.0"
  resolved "https://github.com/opoloo/jquery_upload_preview#cc17f1d52beb6c718a16e9a3afdff63ec175c398"

"jqvmap@https://github.com/10bestdesign/jqvmap":
  version "1.5.1"
  resolved "https://github.com/10bestdesign/jqvmap#fb317235bdbc1c863ff877eb0cd31f2176bca11c"
  dependencies:
    jquery "~1.11.3"

moment@^2.10.2, moment@^2.24.0, moment@^2.9.0:
  version "2.24.0"
  resolved "https://registry.yarnpkg.com/moment/-/moment-2.24.0.tgz#0d055d53f5052aa653c9f6eb68bb5d12bf5c2b5b"
  integrity sha512-bV7f+6l2QigeBBZSM/6yTNq4P2fNpSWj/0e7jQcy87A8e7o2nAfP/34/2ky5Vw4B9S446EtIhodAzkFCcR4dQg==

nicescroll@^3.7.4:
  version "3.7.4"
  resolved "https://registry.yarnpkg.com/nicescroll/-/nicescroll-3.7.4.tgz#8cfd3b58fb95e7c5cb279e2208fc10ea90e35a18"
  integrity sha1-jP07WPuV58XLJ54iCPwQ6pDjWhg=
  dependencies:
    jquery ">=1.8.3"

opencollective-postinstall@2.0.2:
  version "2.0.2"
  resolved "https://registry.yarnpkg.com/opencollective-postinstall/-/opencollective-postinstall-2.0.2.tgz#5657f1bede69b6e33a45939b061eb53d3c6c3a89"
  integrity sha512-pVOEP16TrAO2/fjej1IdOyupJY8KDUM1CvsaScRbw6oddvpQoOfGk4ywha0HKKVAD6RkW4x6Q+tNBwhf3Bgpuw==

owl.carousel@^2.3.4:
  version "2.3.4"
  resolved "https://registry.yarnpkg.com/owl.carousel/-/owl.carousel-2.3.4.tgz#6c53dc8d24304b790e4f27a1dc4a655e973ccdc9"
  integrity sha512-JaDss9+feAvEW8KZppPSpllfposEzQiW+Ytt/Xm5t/3CTJ7YVmkh6RkWixoA2yXk2boIwedYxOvrrppIGzru9A==
  dependencies:
    jquery ">=1.8.3"

perfect-scrollbar@^1.4.0:
  version "1.5.0"
  resolved "https://registry.yarnpkg.com/perfect-scrollbar/-/perfect-scrollbar-1.5.0.tgz#821d224ed8ff61990c23f26db63048cdc75b6b83"
  integrity sha512-NrNHJn5mUGupSiheBTy6x+6SXCFbLlm8fVZh9moIzw/LgqElN5q4ncR4pbCBCYuCJ8Kcl9mYM0NgDxvW+b4LxA==

popper.js@>=1.10, popper.js@^1.0.2, popper.js@^1.14.7:
  version "1.16.0"
  resolved "https://registry.yarnpkg.com/popper.js/-/popper.js-1.16.0.tgz#2e1816bcbbaa518ea6c2e15a466f4cb9c6e2fbb3"
  integrity sha512-+G+EkOPoE5S/zChTpmBSSDYmhXJ5PsW8eMhH8cP/CQHMFPBG/kC9Y5IIw6qNYgdJ+/COf0ddY2li28iHaZRSjw==

prismjs@^1.15.0:
  version "1.19.0"
  resolved "https://registry.yarnpkg.com/prismjs/-/prismjs-1.19.0.tgz#713afbd45c3baca4b321569f2df39e17e729d4dc"
  integrity sha512-IVFtbW9mCWm9eOIaEkNyo2Vl4NnEifis2GQ7/MLRG5TQe6t+4Sj9J5QWI9i3v+SS43uZBlCAOn+zYTVYQcPXJw==
  optionalDependencies:
    clipboard "^2.0.0"

promise-polyfill@^6.0.2:
  version "6.1.0"
  resolved "https://registry.yarnpkg.com/promise-polyfill/-/promise-polyfill-6.1.0.tgz#dfa96943ea9c121fca4de9b5868cb39d3472e057"
  integrity sha1-36lpQ+qcEh/KTem1hoyznTRy4Fc=

select2@^4.0.6-rc.1:
  version "4.0.12"
  resolved "https://registry.yarnpkg.com/select2/-/select2-4.0.12.tgz#9c0492d4d06948f2bd079f6e14718a41c7eaa60e"
  integrity sha512-mbXC05AvjCboZcRlgJqN4mlI2qmqshpRC76sKNAdxS1lPLOh2m/NTyfL6xsvGoY6eIhjaya4dbumN99MudVQ2w==

select@^1.1.2:
  version "1.1.2"
  resolved "https://registry.yarnpkg.com/select/-/select-1.1.2.tgz#0e7350acdec80b1108528786ec1d4418d11b396d"
  integrity sha1-DnNQrN7ICxEIUoeG7B1EGNEbOW0=

selectric@^1.13.0:
  version "1.13.0"
  resolved "https://registry.yarnpkg.com/selectric/-/selectric-1.13.0.tgz#7ce8a750078bb6d1c44347216cae5610e2440985"
  integrity sha512-kb1iOLBTvg0EiVieJjXlFj07RTKoom0a3/SedWD1tuQ47N2S9l4gvkhTvGhhhhdh/zCgkbZ44/GiczT8dWfAGA==
  dependencies:
    jquery "^3.1.1"

simpleweather@^3.1.0:
  version "3.1.0"
  resolved "https://registry.yarnpkg.com/simpleweather/-/simpleweather-3.1.0.tgz#d2a11d22cc2a33abd2d1f7f9227ba80b9c92d944"
  integrity sha1-0qEdIswqM6vS0ff5InuoC5yS2UQ=

sticky-kit@^1.1.3:
  version "1.1.3"
  resolved "https://registry.yarnpkg.com/sticky-kit/-/sticky-kit-1.1.3.tgz#dab5ace49b462cf6d4969b1d58e639fc01377570"
  integrity sha1-2rWs5JtGLPbUlpsdWOY5/AE3dXA=

summernote@^0.8.11:
  version "0.8.15"
  resolved "https://registry.yarnpkg.com/summernote/-/summernote-0.8.15.tgz#f783f23b2c1f85c1609855ad37205595147a3c39"
  integrity sha512-52DYp7BWOLsAteMLHg+1pDgQMP5e6IfXmTpl4XnfY5JIMlOLUQtq6/5xwoV4C2d8T6xjvfuYJom9W2/4z28IeQ==
  dependencies:
    jquery "^3.4.1"

sweetalert@^2.1.2:
  version "2.1.2"
  resolved "https://registry.yarnpkg.com/sweetalert/-/sweetalert-2.1.2.tgz#010baaa80d0dbdc86f96bfcaa96b490728594b79"
  integrity sha512-iWx7X4anRBNDa/a+AdTmvAzQtkN1+s4j/JJRWlHpYE8Qimkohs8/XnFcWeYHH2lMA8LRCa5tj2d244If3S/hzA==
  dependencies:
    es6-object-assign "^1.1.0"
    promise-polyfill "^6.0.2"

tiny-emitter@^2.0.0:
  version "2.1.0"
  resolved "https://registry.yarnpkg.com/tiny-emitter/-/tiny-emitter-2.1.0.tgz#1d1a56edfc51c43e863cbb5382a72330e3555423"
  integrity sha512-NB6Dk1A9xgQPMoGqC5CVXn123gWyte215ONT5Pp5a0yt4nlEoO1ZWeCwpncaekPHXO60i47ihFnZPiRPjRMq4Q==

tooltip.js@^1.3.1:
  version "1.3.3"
  resolved "https://registry.yarnpkg.com/tooltip.js/-/tooltip.js-1.3.3.tgz#2ad0d77bb6776a76e117eac0afcd3c7d3a237121"
  integrity sha512-XWWuy/dBdF/F/YpRE955yqBZ4VdLfiTAUdOqoU+wJm6phJlMpEzl/iYHZ+qJswbeT9VG822bNfsETF9wzmoy5A==
  dependencies:
    popper.js "^1.0.2"

weathericons@^2.1.0:
  version "2.1.0"
  resolved "https://registry.yarnpkg.com/weathericons/-/weathericons-2.1.0.tgz#7453a1a35e200245e389fb5077d527eff30b73b4"
  integrity sha1-dFOho14gAkXjiftQd9Un7/MLc7Q=
